# This file is autogenerated, do not edit; changes may be undone by the next 'dep ensure'.


[[projects]]
  name = "github.com/Sirupsen/logrus"
  packages = ["."]
  revision = "bcd833dfe83d3cebad139e4a29ed79cb2318bf95"
  version = "v1.2.0"

[[projects]]
  name = "github.com/jessevdk/go-flags"
  packages = ["."]
  revision = "c6ca198ec95c841fdb89fc0de7496fed11ab854e"
  version = "v1.4.0"

[[projects]]
  name = "github.com/joomcode/errorx"
  packages = ["."]
  revision = "090d06348063dc34b4d6eda8cc5d10c141786010"
  version = "v0.1.0"

[[projects]]
  name = "github.com/konsorten/go-windows-terminal-sequences"
  packages = ["."]
  revision = "5c8c8bd35d3832f5d134ae1e1e375b69a4d25242"
  version = "v1.0.1"

[[projects]]
  name = "go.uber.org/dig"
  packages = [
    ".",
    "internal/digreflect",
    "internal/dot"
  ]
  revision = "12c8adaa5e6a24ad02198588082d95582ee16e5b"
  version = "v1.6.0"

[[projects]]
  branch = "master"
  name = "golang.org/x/crypto"
  packages = ["ssh/terminal"]
  revision = "3d3f9f413869b949e48070b5bc593aa22cc2b8f2"

[[projects]]
  branch = "master"
  name = "golang.org/x/sys"
  packages = [
    "unix",
    "windows"
  ]
  revision = "62eef0e2fa9b2c385f7b2778e763486da6880d37"

[solve-meta]
  analyzer-name = "dep"
  analyzer-version = 1
  inputs-digest = "eeb501d2c61e729f5d491bbe2f44eb5e9eb652f6a29125443b1bec54668e83b7"
  solver-name = "gps-cdcl"
  solver-version = 1
